
Microsoft Visual Studio Solution File, Format Version 12.00
# Visual Studio Version 17
VisualStudioVersion = 17.5.33516.290
MinimumVisualStudioVersion = 10.0.40219.1
Project("{FAE04EC0-301F-11D3-BF4B-00C04F79EFBC}") = "sincronico 1", "sincronico 1\sincronico 1.csproj", "{707BB288-6B69-4A22-A254-BF8DE5155420}"
EndProject
Global
	GlobalSection(SolutionConfigurationPlatforms) = preSolution
		Debug|Any CPU = Debug|Any CPU
		Release|Any CPU = Release|Any CPU
	EndGlobalSection
	GlobalSection(ProjectConfigurationPlatforms) = postSolution
		{707BB288-6B69-4A22-A254-BF8DE5155420}.Debug|Any CPU.ActiveCfg = Debug|Any CPU
		{707BB288-6B69-4A22-A254-BF8DE5155420}.Debug|Any CPU.Build.0 = Debug|Any CPU
		{707BB288-6B69-4A22-A254-BF8DE5155420}.Release|Any CPU.ActiveCfg = Release|Any CPU
		{707BB288-6B69-4A22-A254-BF8DE5155420}.Release|Any CPU.Build.0 = Release|Any CPU
	EndGlobalSection
	GlobalSection(SolutionProperties) = preSolution
		HideSolutionNode = FALSE
	EndGlobalSection
	GlobalSection(ExtensibilityGlobals) = postSolution
		SolutionGuid = {4A3595F9-6F1E-4108-AC56-40F74710854A}
	EndGlobalSection
EndGlobal
