
Microsoft Visual Studio Solution File, Format Version 12.00
# Visual Studio Version 17
VisualStudioVersion = 17.6.33723.286
MinimumVisualStudioVersion = 10.0.40219.1
Project("{FAE04EC0-301F-11D3-BF4B-00C04F79EFBC}") = "EjercicioTask", "EjercicioTask\EjercicioTask.csproj", "{15A721C9-B174-4F0F-8B2E-BCCC7353A41E}"
EndProject
Global
	GlobalSection(SolutionConfigurationPlatforms) = preSolution
		Debug|Any CPU = Debug|Any CPU
		Release|Any CPU = Release|Any CPU
	EndGlobalSection
	GlobalSection(ProjectConfigurationPlatforms) = postSolution
		{15A721C9-B174-4F0F-8B2E-BCCC7353A41E}.Debug|Any CPU.ActiveCfg = Debug|Any CPU
		{15A721C9-B174-4F0F-8B2E-BCCC7353A41E}.Debug|Any CPU.Build.0 = Debug|Any CPU
		{15A721C9-B174-4F0F-8B2E-BCCC7353A41E}.Release|Any CPU.ActiveCfg = Release|Any CPU
		{15A721C9-B174-4F0F-8B2E-BCCC7353A41E}.Release|Any CPU.Build.0 = Release|Any CPU
	EndGlobalSection
	GlobalSection(SolutionProperties) = preSolution
		HideSolutionNode = FALSE
	EndGlobalSection
	GlobalSection(ExtensibilityGlobals) = postSolution
		SolutionGuid = {1B904A0C-3DC8-4685-B9A5-469CF1A7B7B2}
	EndGlobalSection
EndGlobal
